
Microsoft Visual Studio Solution File, Format Version 12.00
# Visual Studio 14
VisualStudioVersion = 14.0.25420.1
MinimumVisualStudioVersion = 10.0.40219.1
Project("{FAE04EC0-301F-11D3-BF4B-00C04F79EFBC}") = "TaoComp1", "..\Source\TaoComp1.csproj", "{70D7D73A-DC3F-425B-95E7-3E6E7F347D91}"
EndProject
Global
	GlobalSection(SolutionConfigurationPlatforms) = preSolution
		dbx64|Any CPU = dbx64|Any CPU
		dbx64|x64 = dbx64|x64
		Debug|Any CPU = Debug|Any CPU
		Debug|x64 = Debug|x64
		Release|Any CPU = Release|Any CPU
		Release|x64 = Release|x64
		Rlx64|Any CPU = Rlx64|Any CPU
		Rlx64|x64 = Rlx64|x64
	EndGlobalSection
	GlobalSection(ProjectConfigurationPlatforms) = postSolution
		{70D7D73A-DC3F-425B-95E7-3E6E7F347D91}.dbx64|Any CPU.ActiveCfg = dbx64|Any CPU
		{70D7D73A-DC3F-425B-95E7-3E6E7F347D91}.dbx64|Any CPU.Build.0 = dbx64|Any CPU
		{70D7D73A-DC3F-425B-95E7-3E6E7F347D91}.dbx64|x64.ActiveCfg = dbx64|x64
		{70D7D73A-DC3F-425B-95E7-3E6E7F347D91}.dbx64|x64.Build.0 = dbx64|x64
		{70D7D73A-DC3F-425B-95E7-3E6E7F347D91}.Debug|Any CPU.ActiveCfg = Debug|Any CPU
		{70D7D73A-DC3F-425B-95E7-3E6E7F347D91}.Debug|Any CPU.Build.0 = Debug|Any CPU
		{70D7D73A-DC3F-425B-95E7-3E6E7F347D91}.Debug|x64.ActiveCfg = Debug|x64
		{70D7D73A-DC3F-425B-95E7-3E6E7F347D91}.Debug|x64.Build.0 = Debug|x64
		{70D7D73A-DC3F-425B-95E7-3E6E7F347D91}.Release|Any CPU.ActiveCfg = Release|Any CPU
		{70D7D73A-DC3F-425B-95E7-3E6E7F347D91}.Release|Any CPU.Build.0 = Release|Any CPU
		{70D7D73A-DC3F-425B-95E7-3E6E7F347D91}.Release|x64.ActiveCfg = Release|x64
		{70D7D73A-DC3F-425B-95E7-3E6E7F347D91}.Release|x64.Build.0 = Release|x64
		{70D7D73A-DC3F-425B-95E7-3E6E7F347D91}.Rlx64|Any CPU.ActiveCfg = Rlx64|Any CPU
		{70D7D73A-DC3F-425B-95E7-3E6E7F347D91}.Rlx64|Any CPU.Build.0 = Rlx64|Any CPU
		{70D7D73A-DC3F-425B-95E7-3E6E7F347D91}.Rlx64|x64.ActiveCfg = Rlx64|x64
		{70D7D73A-DC3F-425B-95E7-3E6E7F347D91}.Rlx64|x64.Build.0 = Rlx64|x64
	EndGlobalSection
	GlobalSection(SolutionProperties) = preSolution
		HideSolutionNode = FALSE
	EndGlobalSection
EndGlobal
